
Microsoft Visual Studio Solution File, Format Version 12.00
# Visual Studio Version 17
VisualStudioVersion = 17.9.34607.119
MinimumVisualStudioVersion = 10.0.40219.1
Project("{9A19103F-16F7-4668-BE54-9A1E7A4F7556}") = "SistemaAcademico.API", "SistemaAcademico\SistemaAcademico.API.csproj", "{D4F1686B-DFD0-42BC-B5FB-770335EAFD63}"
EndProject
Project("{9A19103F-16F7-4668-BE54-9A1E7A4F7556}") = "SistemaAcademico.Web2", "SistemaAcademico.Web2\SistemaAcademico.Web2.csproj", "{46E85938-D6C8-449C-83F4-7C814903B900}"
EndProject
Global
	GlobalSection(SolutionConfigurationPlatforms) = preSolution
		Debug|Any CPU = Debug|Any CPU
		Release|Any CPU = Release|Any CPU
	EndGlobalSection
	GlobalSection(ProjectConfigurationPlatforms) = postSolution
		{D4F1686B-DFD0-42BC-B5FB-770335EAFD63}.Debug|Any CPU.ActiveCfg = Debug|Any CPU
		{D4F1686B-DFD0-42BC-B5FB-770335EAFD63}.Debug|Any CPU.Build.0 = Debug|Any CPU
		{D4F1686B-DFD0-42BC-B5FB-770335EAFD63}.Release|Any CPU.ActiveCfg = Release|Any CPU
		{D4F1686B-DFD0-42BC-B5FB-770335EAFD63}.Release|Any CPU.Build.0 = Release|Any CPU
		{46E85938-D6C8-449C-83F4-7C814903B900}.Debug|Any CPU.ActiveCfg = Debug|Any CPU
		{46E85938-D6C8-449C-83F4-7C814903B900}.Debug|Any CPU.Build.0 = Debug|Any CPU
		{46E85938-D6C8-449C-83F4-7C814903B900}.Release|Any CPU.ActiveCfg = Release|Any CPU
		{46E85938-D6C8-449C-83F4-7C814903B900}.Release|Any CPU.Build.0 = Release|Any CPU
	EndGlobalSection
	GlobalSection(SolutionProperties) = preSolution
		HideSolutionNode = FALSE
	EndGlobalSection
	GlobalSection(ExtensibilityGlobals) = postSolution
		SolutionGuid = {E6197164-11E3-4B70-B74D-B4D93D78B385}
	EndGlobalSection
EndGlobal
